PODS:
  - Flutter (1.0.0)
  - flutter_inappwebview (0.0.1):
    - Flutter
    - flutter_inappwebview/Core (= 0.0.1)
    - OrderedSet (~> 5.0)
  - OrderedSet (5.0.0)

DEPENDENCIES:
  - Flutter (from `Flutter`)
  - flutter_inappwebview (from `.symlinks/plugins/flutter_inappwebview/ios`)

SPEC REPOS:
  trunk:
    - OrderedSet

EXTERNAL SOURCES:
  Flutter:
    :path: Flutter
  flutter_inappwebview:
    :path: ".symlinks/plugins/flutter_inappwebview/ios"

SPEC CHECKSUMS:
  Flutter: 434fef37c0980e73bb6479ef766c45957d4b510c
  flutter_inappwebview: 8071687b24253e832322a9b733d272aa347fd632
  OrderedSet: aaeb196f7fef5a9edf55d89760da9176ad40b93c

PODFILE CHECKSUM: 7adbc9d59f05e1b01f554ea99b6c79e97f2214a2

COCOAPODS: 1.10.2
